
Microsoft Visual Studio Solution File, Format Version 12.00
Project("{FAE04EC0-301F-11D3-BF4B-00C04F79EFBC}") = "HMW16.2", "HMW16.2.csproj", "{79FA257A-C709-4199-BF9C-C3E1FA554356}"
EndProject
Global
	GlobalSection(SolutionConfigurationPlatforms) = preSolution
		Debug|Any CPU = Debug|Any CPU
		Release|Any CPU = Release|Any CPU
	EndGlobalSection
	GlobalSection(ProjectConfigurationPlatforms) = postSolution
		{79FA257A-C709-4199-BF9C-C3E1FA554356}.Debug|Any CPU.ActiveCfg = Debug|Any CPU
		{79FA257A-C709-4199-BF9C-C3E1FA554356}.Debug|Any CPU.Build.0 = Debug|Any CPU
		{79FA257A-C709-4199-BF9C-C3E1FA554356}.Release|Any CPU.ActiveCfg = Release|Any CPU
		{79FA257A-C709-4199-BF9C-C3E1FA554356}.Release|Any CPU.Build.0 = Release|Any CPU
	EndGlobalSection
EndGlobal
